
Microsoft Visual Studio Solution File, Format Version 12.00
# Visual Studio Version 16
VisualStudioVersion = 16.0.30225.117
MinimumVisualStudioVersion = 10.0.40219.1
Project("{8BC9CEB8-8B4A-11D0-8D11-00A0C91BC942}") = "hsp3_flex_layout", "hsp3_flex_layout\hsp3_flex_layout.vcxproj", "{7671EE90-4F5B-4602-85D9-01A6D5C76F39}"
EndProject
Global
	GlobalSection(SolutionConfigurationPlatforms) = preSolution
		Debug|x64 = Debug|x64
		Debug|x86 = Debug|x86
		Release|x64 = Release|x64
		Release|x86 = Release|x86
	EndGlobalSection
	GlobalSection(ProjectConfigurationPlatforms) = postSolution
		{7671EE90-4F5B-4602-85D9-01A6D5C76F39}.Debug|x64.ActiveCfg = Debug|x64
		{7671EE90-4F5B-4602-85D9-01A6D5C76F39}.Debug|x64.Build.0 = Debug|x64
		{7671EE90-4F5B-4602-85D9-01A6D5C76F39}.Debug|x86.ActiveCfg = Debug|Win32
		{7671EE90-4F5B-4602-85D9-01A6D5C76F39}.Debug|x86.Build.0 = Debug|Win32
		{7671EE90-4F5B-4602-85D9-01A6D5C76F39}.Release|x64.ActiveCfg = Release|x64
		{7671EE90-4F5B-4602-85D9-01A6D5C76F39}.Release|x64.Build.0 = Release|x64
		{7671EE90-4F5B-4602-85D9-01A6D5C76F39}.Release|x86.ActiveCfg = Release|Win32
		{7671EE90-4F5B-4602-85D9-01A6D5C76F39}.Release|x86.Build.0 = Release|Win32
	EndGlobalSection
	GlobalSection(SolutionProperties) = preSolution
		HideSolutionNode = FALSE
	EndGlobalSection
	GlobalSection(ExtensibilityGlobals) = postSolution
		SolutionGuid = {47F39786-374C-4546-B731-A1EEFD9B9006}
	EndGlobalSection
EndGlobal
